{
  "version": 4,
  "terraform_version": "1.1.7",
  "serial": 105,
  "lineage": "43280247-a239-80dc-60a4-8d3bb84d52a8",
  "outputs": {
    "resource_group_name": {
      "value": "e2e-analytics-rg-fh7p",
      "type": "string"
    },
    "synapse_ws_endpoints": {
      "value": {
        "dev": "https://e2esynapse-fh7p.dev.azuresynapse.net",
        "sql": "e2esynapse-fh7p.sql.azuresynapse.net",
        "sqlOnDemand": "e2esynapse-fh7p-ondemand.sql.azuresynapse.net",
        "web": "https://web.azuresynapse.net?workspace=%2fsubscriptions%2f1c59e6ab-3510-4907-82b5-ff2bdfbf2dd3%2fresourceGroups%2fe2e-analytics-rg-fh7p%2fproviders%2fMicrosoft.Synapse%2fworkspaces%2fe2esynapse-fh7p"
      },
      "type": [
        "map",
        "string"
      ]
    }
  },
  "resources": [
    {
      "mode": "data",
      "type": "azurerm_client_config",
      "name": "current",
      "provider": "provider[\"registry.terraform.io/hashicorp/azurerm\"]",
      "instances": [
        {
          "schema_version": 0,
          "attributes": {
            "client_id": "ea2af8b5-b2ce-4ba8-8c55-d5bf43fae938",
            "id": "2022-11-11 17:46:40.5551561 +0000 UTC",
            "object_id": "84c46a25-7bac-4e1b-ac80-209165c68047",
            "subscription_id": "1c59e6ab-3510-4907-82b5-ff2bdfbf2dd3",
            "tenant_id": "16b3c013-d300-468d-ac64-7eda0820b6d3",
            "timeouts": null
          },
          "sensitive_attributes": []
        }
      ]
    },
    {
      "mode": "data",
      "type": "azurerm_iothub_shared_access_policy",
      "name": "e2eiothubowner",
      "provider": "provider[\"registry.terraform.io/hashicorp/azurerm\"]",
      "instances": [
        {
          "schema_version": 0,
          "attributes": {
            "id": "/subscriptions/1c59e6ab-3510-4907-82b5-ff2bdfbf2dd3/resourceGroups/e2e-analytics-rg-fh7p/providers/Microsoft.Devices/IotHubs/e2e-iothub-fh7p/IotHubKeys/iothubowner",
            "iothub_name": "e2e-iothub-fh7p",
            "name": "iothubowner",
            "primary_connection_string": "HostName=e2e-iothub-fh7p.azure-devices.net;SharedAccessKeyName=iothubowner;SharedAccessKey=I3YIFs5XncxTvsBbqKWBqD65m/NPsTOcQGZgcL6Elxs=",
            "primary_key": "I3YIFs5XncxTvsBbqKWBqD65m/NPsTOcQGZgcL6Elxs=",
            "resource_group_name": "e2e-analytics-rg-fh7p",
            "secondary_connection_string": "HostName=e2e-iothub-fh7p.azure-devices.net;SharedAccessKeyName=iothubowner;SharedAccessKey=pU4yyC5YTISJb4Ef/2wnxxjmMKs3ksZbIZ5XvUU4rCk=",
            "secondary_key": "pU4yyC5YTISJb4Ef/2wnxxjmMKs3ksZbIZ5XvUU4rCk=",
            "timeouts": null
          },
          "sensitive_attributes": []
        }
      ]
    },
    {
      "mode": "data",
      "type": "azurerm_storage_account_blob_container_sas",
      "name": "setup_sas",
      "provider": "provider[\"registry.terraform.io/hashicorp/azurerm\"]",
      "instances": [
        {
          "schema_version": 0,
          "attributes": {
            "cache_control": null,
            "connection_string": "DefaultEndpointsProtocol=https;AccountName=e2estorageaccountfh7p;AccountKey=06L2ugqC4s1rQwP8RBhpuAlIT03oFWW4c49lSf5GPxIZNN1npe36+GNf0UO1RZUSWRCfW+4YUPsY+ASth/PXNw==;EndpointSuffix=core.windows.net",
            "container_name": "setup-files",
            "content_disposition": null,
            "content_encoding": null,
            "content_language": null,
            "content_type": null,
            "expiry": "2023-12-31",
            "https_only": true,
            "id": "50639a510220dcb2b6fc97282db771cd6be1c18622146f6ef4f5e7bfa4c4e4f1",
            "ip_address": null,
            "permissions": [
              {
                "add": false,
                "create": false,
                "delete": false,
                "list": true,
                "read": true,
                "write": true
              }
            ],
            "sas": "?sv=2018-11-09\u0026sr=c\u0026st=2022-10-01\u0026se=2023-12-31\u0026sp=rwl\u0026spr=https\u0026sig=8TxnpWarSaZnS5wMkdss4JctzHD7uPDzy%2BpcaMqcGaU%3D",
            "start": "2022-10-01",
            "timeouts": null
          },
          "sensitive_attributes": [
            [
              {
                "type": "get_attr",
                "value": "connection_string"
              }
            ]
          ]
        }
      ]
    },
    {
      "mode": "managed",
      "type": "azapi_resource",
      "name": "adxdatabase",
      "provider": "provider[\"registry.terraform.io/azure/azapi\"]",
      "instances": [
        {
          "schema_version": 0,
          "attributes": {
            "body": "{\"kind\":\"ReadWrite\",\"name\":\"e2esynapse-fh7p/adxclusterfh7p/Manufacturing\",\"properties\":{\"hotCachePeriod\":\"P365D\",\"softDeletePeriod\":\"P1095D\"}}",
            "id": "/subscriptions/1c59e6ab-3510-4907-82b5-ff2bdfbf2dd3/resourceGroups/e2e-analytics-rg-fh7p/providers/Microsoft.Synapse/workspaces/e2esynapse-fh7p/kustoPools/adxclusterfh7p/databases/Manufacturing",
            "identity": [],
            "ignore_casing": false,
            "ignore_missing_property": true,
            "location": "East US 2",
            "locks": null,
            "name": "Manufacturing",
            "output": "{}",
            "parent_id": "/subscriptions/1c59e6ab-3510-4907-82b5-ff2bdfbf2dd3/resourceGroups/e2e-analytics-rg-fh7p/providers/Microsoft.Synapse/workspaces/e2esynapse-fh7p/kustoPools/adxclusterfh7p",
            "response_export_values": null,
            "schema_validation_enabled": true,
            "tags": {},
            "timeouts": null,
            "type": "Microsoft.Synapse/workspaces/kustoPools/databases@2021-06-01-preview"
          },
          "sensitive_attributes": [],
          "private": "eyJlMmJmYjczMC1lY2FhLTExZTYtOGY4OC0zNDM2M2JjN2M0YzAiOnsiY3JlYXRlIjoxODAwMDAwMDAwMDAwLCJkZWxldGUiOjE4MDAwMDAwMDAwMDAsInJlYWQiOjMwMDAwMDAwMDAwMCwidXBkYXRlIjoxODAwMDAwMDAwMDAwfX0=",
          "dependencies": [
            "azapi_resource.synapseadxcluster"
          ]
        }
      ]
    },
    {
      "mode": "managed",
      "type": "azapi_resource",
      "name": "adxdbprincipal",
      "provider": "provider[\"registry.terraform.io/azure/azapi\"]",
      "instances": [
        {
          "schema_version": 0,
          "attributes": {
            "body": "{\"properties\":{\"principalId\":\"89d138d3-dfee-400b-9bc1-36347bf60c9a\",\"principalType\":\"User\",\"role\":\"AllDatabasesAdmin\",\"tenantId\":\"16b3c013-d300-468d-ac64-7eda0820b6d3\"}}",
            "id": "/subscriptions/1c59e6ab-3510-4907-82b5-ff2bdfbf2dd3/resourceGroups/e2e-analytics-rg-fh7p/providers/Microsoft.Synapse/workspaces/e2esynapse-fh7p/kustoPools/adxclusterfh7p/principalAssignments/adxdbprincipalfh7p",
            "identity": [],
            "ignore_casing": false,
            "ignore_missing_property": true,
            "location": "",
            "locks": null,
            "name": "adxdbprincipalfh7p",
            "output": "{}",
            "parent_id": "/subscriptions/1c59e6ab-3510-4907-82b5-ff2bdfbf2dd3/resourceGroups/e2e-analytics-rg-fh7p/providers/Microsoft.Synapse/workspaces/e2esynapse-fh7p/kustoPools/adxclusterfh7p",
            "response_export_values": null,
            "schema_validation_enabled": true,
            "tags": {},
            "timeouts": null,
            "type": "Microsoft.Synapse/workspaces/kustoPools/principalAssignments@2021-06-01-preview"
          },
          "sensitive_attributes": [],
          "private": "eyJlMmJmYjczMC1lY2FhLTExZTYtOGY4OC0zNDM2M2JjN2M0YzAiOnsiY3JlYXRlIjoxODAwMDAwMDAwMDAwLCJkZWxldGUiOjE4MDAwMDAwMDAwMDAsInJlYWQiOjMwMDAwMDAwMDAwMCwidXBkYXRlIjoxODAwMDAwMDAwMDAwfX0=",
          "dependencies": [
            "azapi_resource.synapseadxcluster",
            "azurerm_resource_group.e2eanalyticsrg",
            "azurerm_storage_account.e2estorageaccount",
            "azurerm_storage_data_lake_gen2_filesystem.e2eadls",
            "azurerm_synapse_workspace.e2esynapse",
            "random_string.random_suffix"
          ]
        }
      ]
    },
    {
      "mode": "managed",
      "type": "azapi_resource",
      "name": "adxiothubdataconnection",
      "provider": "provider[\"registry.terraform.io/azure/azapi\"]",
      "instances": [
        {
          "schema_version": 0,
          "attributes": {
            "body": "{\"kind\":\"IotHub\",\"name\":\"iothubdataconnection\",\"properties\":{\"consumerGroup\":\"adxconsumergroup\",\"dataFormat\":\"JSON\",\"eventSystemProperties\":[\"message-id\",\"iothub-enqueuedtime\",\"iothub-connection-device-id\",\"iothub-creation-time-utc\"],\"iotHubResourceId\":\"/subscriptions/1c59e6ab-3510-4907-82b5-ff2bdfbf2dd3/resourceGroups/e2e-analytics-rg-fh7p/providers/Microsoft.Devices/IotHubs/e2e-iothub-fh7p\",\"mappingRuleName\":\"landingMapping\",\"sharedAccessPolicyName\":\"iothubowner\",\"tableName\":\"Landing\"}}",
            "id": "/subscriptions/1c59e6ab-3510-4907-82b5-ff2bdfbf2dd3/resourceGroups/e2e-analytics-rg-fh7p/providers/Microsoft.Synapse/workspaces/e2esynapse-fh7p/kustoPools/adxclusterfh7p/databases/Manufacturing/dataConnections/iothubdataconnection",
            "identity": [],
            "ignore_casing": false,
            "ignore_missing_property": true,
            "location": "East US 2",
            "locks": null,
            "name": "iothubdataconnection",
            "output": "{}",
            "parent_id": "/subscriptions/1c59e6ab-3510-4907-82b5-ff2bdfbf2dd3/resourceGroups/e2e-analytics-rg-fh7p/providers/Microsoft.Synapse/workspaces/e2esynapse-fh7p/kustoPools/adxclusterfh7p/databases/Manufacturing",
            "response_export_values": null,
            "schema_validation_enabled": true,
            "tags": {},
            "timeouts": null,
            "type": "Microsoft.Synapse/workspaces/kustoPools/databases/dataConnections@2021-06-01-preview"
          },
          "sensitive_attributes": [],
          "private": "eyJlMmJmYjczMC1lY2FhLTExZTYtOGY4OC0zNDM2M2JjN2M0YzAiOnsiY3JlYXRlIjoxODAwMDAwMDAwMDAwLCJkZWxldGUiOjE4MDAwMDAwMDAwMDAsInJlYWQiOjMwMDAwMDAwMDAwMCwidXBkYXRlIjoxODAwMDAwMDAwMDAwfX0=",
          "dependencies": [
            "azapi_resource.adxdatabase",
            "azapi_resource.synapseadxcluster",
            "azurerm_iothub.e2eiothub",
            "azurerm_iothub_consumer_group.consumer_group",
            "data.azurerm_iothub_shared_access_policy.e2eiothubowner"
          ]
        }
      ]
    },
    {
      "mode": "managed",
      "type": "azapi_resource",
      "name": "synapseadxcluster",
      "provider": "provider[\"registry.terraform.io/azure/azapi\"]",
      "instances": [
        {
          "schema_version": 0,
          "attributes": {
            "body": "{\"properties\":{\"enablePurge\":true,\"enableStreamingIngest\":true,\"optimizedAutoscale\":{\"isEnabled\":false,\"maximum\":3,\"minimum\":1,\"version\":1},\"workspaceUID\":\"fbc0e649-28d5-4bc9-989c-93e9519dc127\"},\"sku\":{\"capacity\":2,\"name\":\"Compute optimized\",\"size\":\"Extra small\"}}",
            "id": "/subscriptions/1c59e6ab-3510-4907-82b5-ff2bdfbf2dd3/resourceGroups/e2e-analytics-rg-fh7p/providers/Microsoft.Synapse/workspaces/e2esynapse-fh7p/kustoPools/adxclusterfh7p",
            "identity": [],
            "ignore_casing": false,
            "ignore_missing_property": true,
            "location": "East US 2",
            "locks": null,
            "name": "adxclusterfh7p",
            "output": "{}",
            "parent_id": "/subscriptions/1c59e6ab-3510-4907-82b5-ff2bdfbf2dd3/resourceGroups/e2e-analytics-rg-fh7p/providers/Microsoft.Synapse/workspaces/e2esynapse-fh7p",
            "response_export_values": null,
            "schema_validation_enabled": true,
            "tags": {
              "tagName1": "tagValue1",
              "tagName2": "tagValue2"
            },
            "timeouts": null,
            "type": "Microsoft.Synapse/workspaces/kustoPools@2021-06-01-preview"
          },
          "sensitive_attributes": [],
          "private": "eyJlMmJmYjczMC1lY2FhLTExZTYtOGY4OC0zNDM2M2JjN2M0YzAiOnsiY3JlYXRlIjoxODAwMDAwMDAwMDAwLCJkZWxldGUiOjE4MDAwMDAwMDAwMDAsInJlYWQiOjMwMDAwMDAwMDAwMCwidXBkYXRlIjoxODAwMDAwMDAwMDAwfX0=",
          "dependencies": [
            "azurerm_resource_group.e2eanalyticsrg",
            "azurerm_storage_account.e2estorageaccount",
            "azurerm_storage_data_lake_gen2_filesystem.e2eadls",
            "azurerm_synapse_workspace.e2esynapse",
            "random_string.random_suffix"
          ]
        }
      ]
    },
    {
      "mode": "managed",
      "type": "azurerm_iothub",
      "name": "e2eiothub",
      "provider": "provider[\"registry.terraform.io/hashicorp/azurerm\"]",
      "instances": [
        {
          "schema_version": 0,
          "attributes": {
            "cloud_to_device": [
              {
                "default_ttl": "PT1H",
                "feedback": [
                  {
                    "lock_duration": "PT30S",
                    "max_delivery_count": 15,
                    "time_to_live": "PT1H10M"
                  }
                ],
                "max_delivery_count": 30
              }
            ],
            "endpoint": [
              {
                "authentication_type": "keyBased",
                "batch_frequency_in_seconds": 60,
                "connection_string": "DefaultEndpointsProtocol=https;BlobEndpoint=https://e2estorageaccountfh7p.blob.core.windows.net/;AccountName=e2estorageaccountfh7p;AccountKey=****",
                "container_name": "telemetry-raw",
                "encoding": "Avro",
                "endpoint_uri": "",
                "entity_path": "",
                "file_name_format": "{iothub}/{partition}/{YYYY}/{MM}/{DD}/{HH}/{mm}",
                "identity_id": "",
                "max_chunk_size_in_bytes": 10485760,
                "name": "export",
                "resource_group_name": "",
                "type": "AzureIotHub.StorageContainer"
              }
            ],
            "enrichment": [],
            "event_hub_events_endpoint": "sb://iothub-ns-e2e-iothub-22496301-9d4d24b90b.servicebus.windows.net/",
            "event_hub_events_namespace": "iothub-ns-e2e-iothub-22496301-9d4d24b90b",
            "event_hub_events_path": "e2e-iothub-fh7p",
            "event_hub_operations_endpoint": null,
            "event_hub_operations_path": null,
            "event_hub_partition_count": 4,
            "event_hub_retention_in_days": 1,
            "fallback_route": [
              {
                "condition": "true",
                "enabled": true,
                "endpoint_names": [
                  "events"
                ],
                "source": "DeviceMessages"
              }
            ],
            "file_upload": [],
            "hostname": "e2e-iothub-fh7p.azure-devices.net",
            "id": "/subscriptions/1c59e6ab-3510-4907-82b5-ff2bdfbf2dd3/resourceGroups/e2e-analytics-rg-fh7p/providers/Microsoft.Devices/IotHubs/e2e-iothub-fh7p",
            "identity": [],
            "location": "eastus2",
            "min_tls_version": "",
            "name": "e2e-iothub-fh7p",
            "network_rule_set": [],
            "public_network_access_enabled": null,
            "resource_group_name": "e2e-analytics-rg-fh7p",
            "route": [
              {
                "condition": "true",
                "enabled": true,
                "endpoint_names": [
                  "export"
                ],
                "name": "export",
                "source": "DeviceMessages"
              }
            ],
            "shared_access_policy": [
              {
                "key_name": "iothubowner",
                "permissions": "RegistryWrite, ServiceConnect, DeviceConnect",
                "primary_key": "I3YIFs5XncxTvsBbqKWBqD65m/NPsTOcQGZgcL6Elxs=",
                "secondary_key": "pU4yyC5YTISJb4Ef/2wnxxjmMKs3ksZbIZ5XvUU4rCk="
              },
              {
                "key_name": "service",
                "permissions": "ServiceConnect",
                "primary_key": "hPYzLIxpiP/OgW6JXwuTGwSYfASmOE/HhHKuOYECDNw=",
                "secondary_key": "HsM5uBKUyPBfsCutAirnFavON3I4+6Ye5syJsRLnix0="
              },
              {
                "key_name": "device",
                "permissions": "DeviceConnect",
                "primary_key": "FE4bg+18IjFgifojiI7ueyDVmoLWKZgky5LhAcX4/Oc=",
                "secondary_key": "fTzpkOgeKiH+Tzry5GLuiYewCoXFSiOzZsyrTDS/Kg0="
              },
              {
                "key_name": "registryRead",
                "permissions": "RegistryRead",
                "primary_key": "UhZUHiZjcusHqHbg+OJ6TyEsEHwe/a7+sX3T+OZBHz8=",
                "secondary_key": "x1PBrjD6RpKhB1zqHIIwm3yJA5uWSytLHf8HhyMqsU0="
              },
              {
                "key_name": "registryReadWrite",
                "permissions": "RegistryWrite",
                "primary_key": "MlgsFVH7M+uKPocoqNCUlAfCQLMJW/zigSRGoI+m1cI=",
                "secondary_key": "wriK/QU5sxjf8RTYWXQW8WRVioZGauGe2NOEf/Yohoo="
              }
            ],
            "sku": [
              {
                "capacity": 1,
                "name": "S1"
              }
            ],
            "tags": {},
            "timeouts": null,
            "type": "Microsoft.Devices/IotHubs"
          },
          "sensitive_attributes": [
            [
              {
                "type": "get_attr",
                "value": "endpoint"
              },
              {
                "type": "index",
                "value": {
                  "value": 0,
                  "type": "number"
                }
              },
              {
                "type": "get_attr",
                "value": "connection_string"
              }
            ]
          ],
          "private": "eyJlMmJmYjczMC1lY2FhLTExZTYtOGY4OC0zNDM2M2JjN2M0YzAiOnsiY3JlYXRlIjoxODAwMDAwMDAwMDAwLCJkZWxldGUiOjE4MDAwMDAwMDAwMDAsInJlYWQiOjMwMDAwMDAwMDAwMCwidXBkYXRlIjoxODAwMDAwMDAwMDAwfX0=",
          "dependencies": [
            "azurerm_resource_group.e2eanalyticsrg",
            "azurerm_storage_account.e2estorageaccount",
            "azurerm_storage_container.telemetry",
            "random_string.random_suffix"
          ]
        }
      ]
    },
    {
      "mode": "managed",
      "type": "azurerm_iothub_consumer_group",
      "name": "consumer_group",
      "provider": "provider[\"registry.terraform.io/hashicorp/azurerm\"]",
      "instances": [
        {
          "schema_version": 0,
          "attributes": {
            "eventhub_endpoint_name": "events",
            "id": "/subscriptions/1c59e6ab-3510-4907-82b5-ff2bdfbf2dd3/resourceGroups/e2e-analytics-rg-fh7p/providers/Microsoft.Devices/IotHubs/e2e-iothub-fh7p/eventHubEndpoints/events/ConsumerGroups/adxconsumergroup",
            "iothub_name": "e2e-iothub-fh7p",
            "name": "adxconsumergroup",
            "resource_group_name": "e2e-analytics-rg-fh7p",
            "timeouts": null
          },
          "sensitive_attributes": [],
          "private": "eyJlMmJmYjczMC1lY2FhLTExZTYtOGY4OC0zNDM2M2JjN2M0YzAiOnsiY3JlYXRlIjoxODAwMDAwMDAwMDAwLCJkZWxldGUiOjE4MDAwMDAwMDAwMDAsInJlYWQiOjMwMDAwMDAwMDAwMCwidXBkYXRlIjoxODAwMDAwMDAwMDAwfX0=",
          "dependencies": [
            "azurerm_iothub.e2eiothub",
            "azurerm_resource_group.e2eanalyticsrg",
            "azurerm_storage_account.e2estorageaccount",
            "azurerm_storage_container.telemetry",
            "random_string.random_suffix"
          ]
        }
      ]
    },
    {
      "mode": "managed",
      "type": "azurerm_iothub_dps",
      "name": "iote2edps",
      "provider": "provider[\"registry.terraform.io/hashicorp/azurerm\"]",
      "instances": [
        {
          "schema_version": 0,
          "attributes": {
            "allocation_policy": "Hashed",
            "device_provisioning_host_name": "global.azure-devices-provisioning.net",
            "id": "/subscriptions/1c59e6ab-3510-4907-82b5-ff2bdfbf2dd3/resourceGroups/e2e-analytics-rg-fh7p/providers/Microsoft.Devices/provisioningServices/iote2edps-fh7p",
            "id_scope": "0ne007CF2EA",
            "ip_filter_rule": [],
            "linked_hub": [
              {
                "allocation_weight": 1,
                "apply_allocation_policy": true,
                "connection_string": "HostName=e2e-iothub-fh7p.azure-devices.net;SharedAccessKeyName=iothubowner;SharedAccessKey=****",
                "hostname": "e2e-iothub-fh7p.azure-devices.net",
                "location": "eastus2"
              }
            ],
            "location": "eastus2",
            "name": "iote2edps-fh7p",
            "public_network_access_enabled": true,
            "resource_group_name": "e2e-analytics-rg-fh7p",
            "service_operations_host_name": "iote2edps-fh7p.azure-devices-provisioning.net",
            "sku": [
              {
                "capacity": 1,
                "name": "S1"
              }
            ],
            "tags": {},
            "timeouts": null
          },
          "sensitive_attributes": [
            [
              {
                "type": "get_attr",
                "value": "linked_hub"
              },
              {
                "type": "index",
                "value": {
                  "value": 0,
                  "type": "number"
                }
              },
              {
                "type": "get_attr",
                "value": "connection_string"
              }
            ]
          ],
          "private": "eyJlMmJmYjczMC1lY2FhLTExZTYtOGY4OC0zNDM2M2JjN2M0YzAiOnsiY3JlYXRlIjoxODAwMDAwMDAwMDAwLCJkZWxldGUiOjE4MDAwMDAwMDAwMDAsInJlYWQiOjMwMDAwMDAwMDAwMCwidXBkYXRlIjoxODAwMDAwMDAwMDAwfX0=",
          "dependencies": [
            "azurerm_iothub.e2eiothub",
            "azurerm_resource_group.e2eanalyticsrg",
            "azurerm_storage_account.e2estorageaccount",
            "azurerm_storage_container.telemetry",
            "data.azurerm_iothub_shared_access_policy.e2eiothubowner",
            "random_string.random_suffix"
          ]
        }
      ]
    },
    {
      "mode": "managed",
      "type": "azurerm_resource_group",
      "name": "e2eanalyticsrg",
      "provider": "provider[\"registry.terraform.io/hashicorp/azurerm\"]",
      "instances": [
        {
          "schema_version": 0,
          "attributes": {
            "id": "/subscriptions/1c59e6ab-3510-4907-82b5-ff2bdfbf2dd3/resourceGroups/e2e-analytics-rg-fh7p",
            "location": "eastus2",
            "name": "e2e-analytics-rg-fh7p",
            "tags": {},
            "timeouts": null
          },
          "sensitive_attributes": [],
          "private": "eyJlMmJmYjczMC1lY2FhLTExZTYtOGY4OC0zNDM2M2JjN2M0YzAiOnsiY3JlYXRlIjo1NDAwMDAwMDAwMDAwLCJkZWxldGUiOjU0MDAwMDAwMDAwMDAsInJlYWQiOjMwMDAwMDAwMDAwMCwidXBkYXRlIjo1NDAwMDAwMDAwMDAwfX0=",
          "dependencies": [
            "random_string.random_suffix"
          ]
        }
      ]
    },
    {
      "mode": "managed",
      "type": "azurerm_storage_account",
      "name": "e2estorageaccount",
      "provider": "provider[\"registry.terraform.io/hashicorp/azurerm\"]",
      "instances": [
        {
          "schema_version": 3,
          "attributes": {
            "access_tier": "Hot",
            "account_kind": "StorageV2",
            "account_replication_type": "LRS",
            "account_tier": "Standard",
            "allow_nested_items_to_be_public": true,
            "azure_files_authentication": [],
            "blob_properties": [
              {
                "change_feed_enabled": false,
                "container_delete_retention_policy": [],
                "cors_rule": [],
                "default_service_version": "",
                "delete_retention_policy": [],
                "last_access_time_enabled": false,
                "versioning_enabled": false
              }
            ],
            "custom_domain": [],
            "customer_managed_key": [],
            "edge_zone": "",
            "enable_https_traffic_only": true,
            "id": "/subscriptions/1c59e6ab-3510-4907-82b5-ff2bdfbf2dd3/resourceGroups/e2e-analytics-rg-fh7p/providers/Microsoft.Storage/storageAccounts/e2estorageaccountfh7p",
            "identity": [],
            "infrastructure_encryption_enabled": false,
            "is_hns_enabled": false,
            "large_file_share_enabled": null,
            "location": "eastus2",
            "min_tls_version": "TLS1_2",
            "name": "e2estorageaccountfh7p",
            "network_rules": [
              {
                "bypass": [
                  "AzureServices"
                ],
                "default_action": "Allow",
                "ip_rules": [],
                "private_link_access": [],
                "virtual_network_subnet_ids": []
              }
            ],
            "nfsv3_enabled": false,
            "primary_access_key": "06L2ugqC4s1rQwP8RBhpuAlIT03oFWW4c49lSf5GPxIZNN1npe36+GNf0UO1RZUSWRCfW+4YUPsY+ASth/PXNw==",
            "primary_blob_connection_string": "DefaultEndpointsProtocol=https;BlobEndpoint=https://e2estorageaccountfh7p.blob.core.windows.net/;AccountName=e2estorageaccountfh7p;AccountKey=06L2ugqC4s1rQwP8RBhpuAlIT03oFWW4c49lSf5GPxIZNN1npe36+GNf0UO1RZUSWRCfW+4YUPsY+ASth/PXNw==",
            "primary_blob_endpoint": "https://e2estorageaccountfh7p.blob.core.windows.net/",
            "primary_blob_host": "e2estorageaccountfh7p.blob.core.windows.net",
            "primary_connection_string": "DefaultEndpointsProtocol=https;AccountName=e2estorageaccountfh7p;AccountKey=06L2ugqC4s1rQwP8RBhpuAlIT03oFWW4c49lSf5GPxIZNN1npe36+GNf0UO1RZUSWRCfW+4YUPsY+ASth/PXNw==;EndpointSuffix=core.windows.net",
            "primary_dfs_endpoint": "https://e2estorageaccountfh7p.dfs.core.windows.net/",
            "primary_dfs_host": "e2estorageaccountfh7p.dfs.core.windows.net",
            "primary_file_endpoint": "https://e2estorageaccountfh7p.file.core.windows.net/",
            "primary_file_host": "e2estorageaccountfh7p.file.core.windows.net",
            "primary_location": "eastus2",
            "primary_queue_endpoint": "https://e2estorageaccountfh7p.queue.core.windows.net/",
            "primary_queue_host": "e2estorageaccountfh7p.queue.core.windows.net",
            "primary_table_endpoint": "https://e2estorageaccountfh7p.table.core.windows.net/",
            "primary_table_host": "e2estorageaccountfh7p.table.core.windows.net",
            "primary_web_endpoint": "https://e2estorageaccountfh7p.z20.web.core.windows.net/",
            "primary_web_host": "e2estorageaccountfh7p.z20.web.core.windows.net",
            "queue_encryption_key_type": "Service",
            "queue_properties": [
              {
                "cors_rule": [],
                "hour_metrics": [
                  {
                    "enabled": true,
                    "include_apis": true,
                    "retention_policy_days": 7,
                    "version": "1.0"
                  }
                ],
                "logging": [
                  {
                    "delete": false,
                    "read": false,
                    "retention_policy_days": 0,
                    "version": "1.0",
                    "write": false
                  }
                ],
                "minute_metrics": [
                  {
                    "enabled": false,
                    "include_apis": false,
                    "retention_policy_days": 0,
                    "version": "1.0"
                  }
                ]
              }
            ],
            "resource_group_name": "e2e-analytics-rg-fh7p",
            "routing": [],
            "secondary_access_key": "XPjD7yJjweU3jIp5I7LUyvRxx5yXTtAEVIxtaQFf94trdrQrdUSMYS3LDKxBxk8CKmfa4nkumYgm+AStpNJQQw==",
            "secondary_blob_connection_string": "",
            "secondary_blob_endpoint": null,
            "secondary_blob_host": null,
            "secondary_connection_string": "DefaultEndpointsProtocol=https;AccountName=e2estorageaccountfh7p;AccountKey=XPjD7yJjweU3jIp5I7LUyvRxx5yXTtAEVIxtaQFf94trdrQrdUSMYS3LDKxBxk8CKmfa4nkumYgm+AStpNJQQw==;EndpointSuffix=core.windows.net",
            "secondary_dfs_endpoint": null,
            "secondary_dfs_host": null,
            "secondary_file_endpoint": null,
            "secondary_file_host": null,
            "secondary_location": "",
            "secondary_queue_endpoint": null,
            "secondary_queue_host": null,
            "secondary_table_endpoint": null,
            "secondary_table_host": null,
            "secondary_web_endpoint": null,
            "secondary_web_host": null,
            "share_properties": [
              {
                "cors_rule": [],
                "retention_policy": [
                  {
                    "days": 7
                  }
                ],
                "smb": []
              }
            ],
            "shared_access_key_enabled": true,
            "static_website": [],
            "table_encryption_key_type": "Service",
            "tags": {},
            "timeouts": null
          },
          "sensitive_attributes": [],
          "private": "eyJlMmJmYjczMC1lY2FhLTExZTYtOGY4OC0zNDM2M2JjN2M0YzAiOnsiY3JlYXRlIjozNjAwMDAwMDAwMDAwLCJkZWxldGUiOjM2MDAwMDAwMDAwMDAsInJlYWQiOjMwMDAwMDAwMDAwMCwidXBkYXRlIjozNjAwMDAwMDAwMDAwfSwic2NoZW1hX3ZlcnNpb24iOiIzIn0=",
          "dependencies": [
            "azurerm_resource_group.e2eanalyticsrg",
            "random_string.random_suffix"
          ]
        }
      ]
    },
    {
      "mode": "managed",
      "type": "azurerm_storage_blob",
      "name": "script",
      "provider": "provider[\"registry.terraform.io/hashicorp/azurerm\"]",
      "instances": [
        {
          "schema_version": 1,
          "attributes": {
            "access_tier": "Hot",
            "cache_control": "",
            "content_md5": "",
            "content_type": "application/octet-stream",
            "id": "https://e2estorageaccountfh7p.blob.core.windows.net/setup-files/setup.txt",
            "metadata": {},
            "name": "setup.txt",
            "parallelism": 8,
            "size": 0,
            "source": "./data/setup.txt",
            "source_content": null,
            "source_uri": null,
            "storage_account_name": "e2estorageaccountfh7p",
            "storage_container_name": "setup-files",
            "timeouts": null,
            "type": "Block",
            "url": "https://e2estorageaccountfh7p.blob.core.windows.net/setup-files/setup.txt"
          },
          "sensitive_attributes": [],
          "private": "eyJlMmJmYjczMC1lY2FhLTExZTYtOGY4OC0zNDM2M2JjN2M0YzAiOnsiY3JlYXRlIjoxODAwMDAwMDAwMDAwLCJkZWxldGUiOjE4MDAwMDAwMDAwMDAsInJlYWQiOjMwMDAwMDAwMDAwMCwidXBkYXRlIjoxODAwMDAwMDAwMDAwfSwic2NoZW1hX3ZlcnNpb24iOiIxIn0=",
          "dependencies": [
            "azurerm_resource_group.e2eanalyticsrg",
            "azurerm_storage_account.e2estorageaccount",
            "azurerm_storage_container.setup",
            "random_string.random_suffix"
          ]
        }
      ]
    },
    {
      "mode": "managed",
      "type": "azurerm_storage_container",
      "name": "setup",
      "provider": "provider[\"registry.terraform.io/hashicorp/azurerm\"]",
      "instances": [
        {
          "schema_version": 1,
          "attributes": {
            "container_access_type": "private",
            "has_immutability_policy": false,
            "has_legal_hold": false,
            "id": "https://e2estorageaccountfh7p.blob.core.windows.net/setup-files",
            "metadata": {},
            "name": "setup-files",
            "resource_manager_id": "/subscriptions/1c59e6ab-3510-4907-82b5-ff2bdfbf2dd3/resourceGroups/e2e-analytics-rg-fh7p/providers/Microsoft.Storage/storageAccounts/e2estorageaccountfh7p/blobServices/default/containers/setup-files",
            "storage_account_name": "e2estorageaccountfh7p",
            "timeouts": null
          },
          "sensitive_attributes": [],
          "private": "eyJlMmJmYjczMC1lY2FhLTExZTYtOGY4OC0zNDM2M2JjN2M0YzAiOnsiY3JlYXRlIjoxODAwMDAwMDAwMDAwLCJkZWxldGUiOjE4MDAwMDAwMDAwMDAsInJlYWQiOjMwMDAwMDAwMDAwMCwidXBkYXRlIjoxODAwMDAwMDAwMDAwfSwic2NoZW1hX3ZlcnNpb24iOiIxIn0=",
          "dependencies": [
            "azurerm_resource_group.e2eanalyticsrg",
            "azurerm_storage_account.e2estorageaccount",
            "random_string.random_suffix"
          ]
        }
      ]
    },
    {
      "mode": "managed",
      "type": "azurerm_storage_container",
      "name": "telemetry",
      "provider": "provider[\"registry.terraform.io/hashicorp/azurerm\"]",
      "instances": [
        {
          "schema_version": 1,
          "attributes": {
            "container_access_type": "private",
            "has_immutability_policy": false,
            "has_legal_hold": false,
            "id": "https://e2estorageaccountfh7p.blob.core.windows.net/telemetry-raw",
            "metadata": {},
            "name": "telemetry-raw",
            "resource_manager_id": "/subscriptions/1c59e6ab-3510-4907-82b5-ff2bdfbf2dd3/resourceGroups/e2e-analytics-rg-fh7p/providers/Microsoft.Storage/storageAccounts/e2estorageaccountfh7p/blobServices/default/containers/telemetry-raw",
            "storage_account_name": "e2estorageaccountfh7p",
            "timeouts": null
          },
          "sensitive_attributes": [],
          "private": "eyJlMmJmYjczMC1lY2FhLTExZTYtOGY4OC0zNDM2M2JjN2M0YzAiOnsiY3JlYXRlIjoxODAwMDAwMDAwMDAwLCJkZWxldGUiOjE4MDAwMDAwMDAwMDAsInJlYWQiOjMwMDAwMDAwMDAwMCwidXBkYXRlIjoxODAwMDAwMDAwMDAwfSwic2NoZW1hX3ZlcnNpb24iOiIxIn0=",
          "dependencies": [
            "azurerm_resource_group.e2eanalyticsrg",
            "azurerm_storage_account.e2estorageaccount",
            "random_string.random_suffix"
          ]
        }
      ]
    },
    {
      "mode": "managed",
      "type": "azurerm_storage_data_lake_gen2_filesystem",
      "name": "e2eadls",
      "provider": "provider[\"registry.terraform.io/hashicorp/azurerm\"]",
      "instances": [
        {
          "schema_version": 0,
          "attributes": {
            "ace": [],
            "group": "",
            "id": "https://e2estorageaccountfh7p.dfs.core.windows.net/e2eadls-fh7p",
            "name": "e2eadls-fh7p",
            "owner": "",
            "properties": {},
            "storage_account_id": "/subscriptions/1c59e6ab-3510-4907-82b5-ff2bdfbf2dd3/resourceGroups/e2e-analytics-rg-fh7p/providers/Microsoft.Storage/storageAccounts/e2estorageaccountfh7p",
            "timeouts": null
          },
          "sensitive_attributes": [],
          "private": "eyJlMmJmYjczMC1lY2FhLTExZTYtOGY4OC0zNDM2M2JjN2M0YzAiOnsiY3JlYXRlIjoxODAwMDAwMDAwMDAwLCJkZWxldGUiOjE4MDAwMDAwMDAwMDAsInJlYWQiOjMwMDAwMDAwMDAwMCwidXBkYXRlIjoxODAwMDAwMDAwMDAwfX0=",
          "dependencies": [
            "azurerm_resource_group.e2eanalyticsrg",
            "azurerm_storage_account.e2estorageaccount",
            "random_string.random_suffix"
          ]
        }
      ]
    },
    {
      "mode": "managed",
      "type": "azurerm_synapse_firewall_rule",
      "name": "rule",
      "provider": "provider[\"registry.terraform.io/hashicorp/azurerm\"]",
      "instances": [
        {
          "schema_version": 0,
          "attributes": {
            "end_ip_address": "255.255.255.255",
            "id": "/subscriptions/1c59e6ab-3510-4907-82b5-ff2bdfbf2dd3/resourceGroups/e2e-analytics-rg-fh7p/providers/Microsoft.Synapse/workspaces/e2esynapse-fh7p/firewallRules/AllowAll",
            "name": "AllowAll",
            "start_ip_address": "0.0.0.0",
            "synapse_workspace_id": "/subscriptions/1c59e6ab-3510-4907-82b5-ff2bdfbf2dd3/resourceGroups/e2e-analytics-rg-fh7p/providers/Microsoft.Synapse/workspaces/e2esynapse-fh7p",
            "timeouts": null
          },
          "sensitive_attributes": [],
          "private": "eyJlMmJmYjczMC1lY2FhLTExZTYtOGY4OC0zNDM2M2JjN2M0YzAiOnsiY3JlYXRlIjoxODAwMDAwMDAwMDAwLCJkZWxldGUiOjE4MDAwMDAwMDAwMDAsInJlYWQiOjMwMDAwMDAwMDAwMCwidXBkYXRlIjoxODAwMDAwMDAwMDAwfX0=",
          "dependencies": [
            "azurerm_resource_group.e2eanalyticsrg",
            "azurerm_storage_account.e2estorageaccount",
            "azurerm_storage_data_lake_gen2_filesystem.e2eadls",
            "azurerm_synapse_workspace.e2esynapse",
            "random_string.random_suffix"
          ]
        }
      ]
    },
    {
      "mode": "managed",
      "type": "azurerm_synapse_role_assignment",
      "name": "synapserole",
      "provider": "provider[\"registry.terraform.io/hashicorp/azurerm\"]",
      "instances": [
        {
          "schema_version": 1,
          "attributes": {
            "id": "/subscriptions/1c59e6ab-3510-4907-82b5-ff2bdfbf2dd3/resourceGroups/e2e-analytics-rg-fh7p/providers/Microsoft.Synapse/workspaces/e2esynapse-fh7p|afab282d-1217-8c9a-a080-dc162ee2d568",
            "principal_id": "89d138d3-dfee-400b-9bc1-36347bf60c9a",
            "role_name": "Synapse Administrator",
            "synapse_spark_pool_id": "",
            "synapse_workspace_id": "/subscriptions/1c59e6ab-3510-4907-82b5-ff2bdfbf2dd3/resourceGroups/e2e-analytics-rg-fh7p/providers/Microsoft.Synapse/workspaces/e2esynapse-fh7p",
            "timeouts": null
          },
          "sensitive_attributes": [],
          "private": "eyJlMmJmYjczMC1lY2FhLTExZTYtOGY4OC0zNDM2M2JjN2M0YzAiOnsiY3JlYXRlIjoxODAwMDAwMDAwMDAwLCJkZWxldGUiOjE4MDAwMDAwMDAwMDAsInJlYWQiOjMwMDAwMDAwMDAwMH0sInNjaGVtYV92ZXJzaW9uIjoiMSJ9",
          "dependencies": [
            "azurerm_resource_group.e2eanalyticsrg",
            "azurerm_storage_account.e2estorageaccount",
            "azurerm_storage_data_lake_gen2_filesystem.e2eadls",
            "azurerm_synapse_firewall_rule.rule",
            "azurerm_synapse_workspace.e2esynapse",
            "random_string.random_suffix"
          ]
        }
      ]
    },
    {
      "mode": "managed",
      "type": "azurerm_synapse_spark_pool",
      "name": "devsparkpool",
      "provider": "provider[\"registry.terraform.io/hashicorp/azurerm\"]",
      "instances": [
        {
          "schema_version": 0,
          "attributes": {
            "auto_pause": [],
            "auto_scale": [],
            "cache_size": 0,
            "compute_isolation_enabled": false,
            "dynamic_executor_allocation_enabled": false,
            "id": "/subscriptions/1c59e6ab-3510-4907-82b5-ff2bdfbf2dd3/resourceGroups/e2e-analytics-rg-fh7p/providers/Microsoft.Synapse/workspaces/e2esynapse-fh7p/bigDataPools/sparkpoolfh7p",
            "library_requirement": [],
            "name": "sparkpoolfh7p",
            "node_count": 3,
            "node_size": "Small",
            "node_size_family": "MemoryOptimized",
            "session_level_packages_enabled": false,
            "spark_config": [],
            "spark_events_folder": "/events",
            "spark_log_folder": "/logs",
            "spark_version": "2.4",
            "synapse_workspace_id": "/subscriptions/1c59e6ab-3510-4907-82b5-ff2bdfbf2dd3/resourceGroups/e2e-analytics-rg-fh7p/providers/Microsoft.Synapse/workspaces/e2esynapse-fh7p",
            "tags": {},
            "timeouts": null
          },
          "sensitive_attributes": [],
          "private": "eyJlMmJmYjczMC1lY2FhLTExZTYtOGY4OC0zNDM2M2JjN2M0YzAiOnsiY3JlYXRlIjoxODAwMDAwMDAwMDAwLCJkZWxldGUiOjE4MDAwMDAwMDAwMDAsInJlYWQiOjMwMDAwMDAwMDAwMCwidXBkYXRlIjoxODAwMDAwMDAwMDAwfX0=",
          "dependencies": [
            "azurerm_resource_group.e2eanalyticsrg",
            "azurerm_storage_account.e2estorageaccount",
            "azurerm_storage_data_lake_gen2_filesystem.e2eadls",
            "azurerm_synapse_workspace.e2esynapse",
            "random_string.random_suffix"
          ]
        }
      ]
    },
    {
      "mode": "managed",
      "type": "azurerm_synapse_workspace",
      "name": "e2esynapse",
      "provider": "provider[\"registry.terraform.io/hashicorp/azurerm\"]",
      "instances": [
        {
          "schema_version": 0,
          "attributes": {
            "aad_admin": [
              {
                "login": "sid: 84c46a25-7bac-4e1b-ac80-209165c68047",
                "object_id": "84c46a25-7bac-4e1b-ac80-209165c68047",
                "tenant_id": "16b3c013-d300-468d-ac64-7eda0820b6d3"
              }
            ],
            "azure_devops_repo": [],
            "compute_subnet_id": null,
            "connectivity_endpoints": {
              "dev": "https://e2esynapse-fh7p.dev.azuresynapse.net",
              "sql": "e2esynapse-fh7p.sql.azuresynapse.net",
              "sqlOnDemand": "e2esynapse-fh7p-ondemand.sql.azuresynapse.net",
              "web": "https://web.azuresynapse.net?workspace=%2fsubscriptions%2f1c59e6ab-3510-4907-82b5-ff2bdfbf2dd3%2fresourceGroups%2fe2e-analytics-rg-fh7p%2fproviders%2fMicrosoft.Synapse%2fworkspaces%2fe2esynapse-fh7p"
            },
            "customer_managed_key": [],
            "data_exfiltration_protection_enabled": null,
            "github_repo": [],
            "id": "/subscriptions/1c59e6ab-3510-4907-82b5-ff2bdfbf2dd3/resourceGroups/e2e-analytics-rg-fh7p/providers/Microsoft.Synapse/workspaces/e2esynapse-fh7p",
            "identity": [
              {
                "principal_id": "0af6bc2c-8d97-4466-8029-1512a03d82b2",
                "tenant_id": "16b3c013-d300-468d-ac64-7eda0820b6d3",
                "type": "SystemAssigned"
              }
            ],
            "linking_allowed_for_aad_tenant_ids": null,
            "location": "eastus2",
            "managed_resource_group_name": "synapseworkspace-managedrg-ae2513ac-3bcf-46c9-a12d-63a4c5efc047",
            "managed_virtual_network_enabled": false,
            "name": "e2esynapse-fh7p",
            "public_network_access_enabled": true,
            "purview_id": null,
            "resource_group_name": "e2e-analytics-rg-fh7p",
            "sql_aad_admin": [
              {
                "login": "sid: 84c46a25-7bac-4e1b-ac80-209165c68047",
                "object_id": "84c46a25-7bac-4e1b-ac80-209165c68047",
                "tenant_id": "16b3c013-d300-468d-ac64-7eda0820b6d3"
              }
            ],
            "sql_administrator_login": "sqladminuser",
            "sql_administrator_login_password": "H@Sh1CoR3!",
            "sql_identity_control_enabled": false,
            "storage_data_lake_gen2_filesystem_id": "https://e2estorageaccountfh7p.dfs.core.windows.net/e2eadls-fh7p",
            "tags": {},
            "timeouts": null
          },
          "sensitive_attributes": [],
          "private": "eyJlMmJmYjczMC1lY2FhLTExZTYtOGY4OC0zNDM2M2JjN2M0YzAiOnsiY3JlYXRlIjoxODAwMDAwMDAwMDAwLCJkZWxldGUiOjE4MDAwMDAwMDAwMDAsInJlYWQiOjMwMDAwMDAwMDAwMCwidXBkYXRlIjoxODAwMDAwMDAwMDAwfX0=",
          "dependencies": [
            "azurerm_resource_group.e2eanalyticsrg",
            "azurerm_storage_account.e2estorageaccount",
            "azurerm_storage_data_lake_gen2_filesystem.e2eadls",
            "random_string.random_suffix"
          ]
        }
      ]
    },
    {
      "mode": "managed",
      "type": "random_string",
      "name": "random_suffix",
      "provider": "provider[\"registry.terraform.io/hashicorp/random\"]",
      "instances": [
        {
          "schema_version": 2,
          "attributes": {
            "id": "fh7p",
            "keepers": null,
            "length": 4,
            "lower": true,
            "min_lower": 0,
            "min_numeric": 0,
            "min_special": 0,
            "min_upper": 0,
            "number": true,
            "numeric": true,
            "override_special": null,
            "result": "fh7p",
            "special": false,
            "upper": false
          },
          "sensitive_attributes": []
        }
      ]
    }
  ]
}
